
Microsoft Visual Studio Solution File, Format Version 12.00
# Visual Studio 15
VisualStudioVersion = 15.0.28307.421
MinimumVisualStudioVersion = 10.0.40219.1
Project("{FAE04EC0-301F-11D3-BF4B-00C04F79EFBC}") = "sokszogek-MVP", "sokszogek-MVP\sokszogek-MVP.csproj", "{422EA111-479D-451A-872B-4EA42A532716}"
EndProject
Global
	GlobalSection(SolutionConfigurationPlatforms) = preSolution
		Debug|Any CPU = Debug|Any CPU
		Release|Any CPU = Release|Any CPU
	EndGlobalSection
	GlobalSection(ProjectConfigurationPlatforms) = postSolution
		{422EA111-479D-451A-872B-4EA42A532716}.Debug|Any CPU.ActiveCfg = Debug|Any CPU
		{422EA111-479D-451A-872B-4EA42A532716}.Debug|Any CPU.Build.0 = Debug|Any CPU
		{422EA111-479D-451A-872B-4EA42A532716}.Release|Any CPU.ActiveCfg = Release|Any CPU
		{422EA111-479D-451A-872B-4EA42A532716}.Release|Any CPU.Build.0 = Release|Any CPU
	EndGlobalSection
	GlobalSection(SolutionProperties) = preSolution
		HideSolutionNode = FALSE
	EndGlobalSection
	GlobalSection(ExtensibilityGlobals) = postSolution
		SolutionGuid = {7FB73F7D-DCC1-4EC6-949C-F0C32E5368BD}
	EndGlobalSection
EndGlobal
